
Microsoft Visual Studio Solution File, Format Version 12.00
# Visual Studio Version 17
VisualStudioVersion = 17.2.32616.157
MinimumVisualStudioVersion = 10.0.40219.1
Project("{FAE04EC0-301F-11D3-BF4B-00C04F79EFBC}") = "NotesApi", "NotesApi\NotesApi.csproj", "{3F51E84D-C06A-4ECD-800B-317F0BA4FDD0}"
EndProject
Global
	GlobalSection(SolutionConfigurationPlatforms) = preSolution
		Debug|Any CPU = Debug|Any CPU
		Release|Any CPU = Release|Any CPU
	EndGlobalSection
	GlobalSection(ProjectConfigurationPlatforms) = postSolution
		{3F51E84D-C06A-4ECD-800B-317F0BA4FDD0}.Debug|Any CPU.ActiveCfg = Debug|Any CPU
		{3F51E84D-C06A-4ECD-800B-317F0BA4FDD0}.Debug|Any CPU.Build.0 = Debug|Any CPU
		{3F51E84D-C06A-4ECD-800B-317F0BA4FDD0}.Release|Any CPU.ActiveCfg = Release|Any CPU
		{3F51E84D-C06A-4ECD-800B-317F0BA4FDD0}.Release|Any CPU.Build.0 = Release|Any CPU
	EndGlobalSection
	GlobalSection(SolutionProperties) = preSolution
		HideSolutionNode = FALSE
	EndGlobalSection
	GlobalSection(ExtensibilityGlobals) = postSolution
		SolutionGuid = {C2A45DE7-F152-4460-ADCE-9F6735552F65}
	EndGlobalSection
EndGlobal
